{
  "nodes": {
    "container": {
      "inputs": {
        "flake-utils": "flake-utils",
        "nixpkgs": "nixpkgs"
      },
      "locked": {
        "lastModified": 1677210694,
        "narHash": "sha256-yQiJLmed4JBxXdzyKSjizn+mtP/N+b/V1TPWSgTdm8E=",
        "owner": "dyercode",
        "repo": "cnt",
        "rev": "d1bee228949b8bff01700c8b00c1512fab8afbdd",
        "type": "github"
      },
      "original": {
        "owner": "dyercode",
        "repo": "cnt",
        "type": "github"
      }
    },
    "dev": {
      "inputs": {
        "flake-utils": "flake-utils_2",
        "nixpkgs": "nixpkgs_2",
        "rust-overlay": "rust-overlay"
      },
      "locked": {
        "lastModified": 1670970767,
        "narHash": "sha256-PmI6sJeIR3I3X6ERjf/YinN+A19Z5m0W2G5shxh/SqU=",
        "owner": "dyercode",
        "repo": "dev",
        "rev": "ffbbd50d25307bcbd3512996ba1a8db0e8b4d385",
        "type": "github"
      },
      "original": {
        "owner": "dyercode",
        "repo": "dev",
        "rev": "ffbbd50d25307bcbd3512996ba1a8db0e8b4d385",
        "type": "github"
      }
    },
    "flake-utils": {
      "locked": {
        "lastModified": 1676283394,
        "narHash": "sha256-XX2f9c3iySLCw54rJ/CZs+ZK6IQy7GXNY4nSOyu2QG4=",
        "owner": "numtide",
        "repo": "flake-utils",
        "rev": "3db36a8b464d0c4532ba1c7dda728f4576d6d073",
        "type": "github"
      },
      "original": {
        "owner": "numtide",
        "repo": "flake-utils",
        "type": "github"
      }
    },
    "flake-utils_2": {
      "locked": {
        "lastModified": 1667395993,
        "narHash": "sha256-nuEHfE/LcWyuSWnS8t12N1wc105Qtau+/OdUAjtQ0rA=",
        "owner": "numtide",
        "repo": "flake-utils",
        "rev": "5aed5285a952e0b949eb3ba02c12fa4fcfef535f",
        "type": "github"
      },
      "original": {
        "owner": "numtide",
        "repo": "flake-utils",
        "type": "github"
      }
    },
    "flake-utils_3": {
      "locked": {
        "lastModified": 1659877975,
        "narHash": "sha256-zllb8aq3YO3h8B/U0/J1WBgAL8EX5yWf5pMj3G0NAmc=",
        "owner": "numtide",
        "repo": "flake-utils",
        "rev": "c0e246b9b83f637f4681389ecabcb2681b4f3af0",
        "type": "github"
      },
      "original": {
        "owner": "numtide",
        "repo": "flake-utils",
        "type": "github"
      }
    },
    "flake-utils_4": {
      "inputs": {
        "systems": "systems"
      },
      "locked": {
        "lastModified": 1692799911,
        "narHash": "sha256-3eihraek4qL744EvQXsK1Ha6C3CR7nnT8X2qWap4RNk=",
        "owner": "numtide",
        "repo": "flake-utils",
        "rev": "f9e7cf818399d17d347f847525c5a5a8032e4e44",
        "type": "github"
      },
      "original": {
        "owner": "numtide",
        "repo": "flake-utils",
        "type": "github"
      }
    },
    "nixpkgs": {
      "locked": {
        "lastModified": 1677063315,
        "narHash": "sha256-qiB4ajTeAOVnVSAwCNEEkoybrAlA+cpeiBxLobHndE8=",
        "owner": "NixOS",
        "repo": "nixpkgs",
        "rev": "988cc958c57ce4350ec248d2d53087777f9e1949",
        "type": "github"
      },
      "original": {
        "owner": "NixOS",
        "ref": "nixos-unstable",
        "repo": "nixpkgs",
        "type": "github"
      }
    },
    "nixpkgs_2": {
      "locked": {
        "lastModified": 1670841420,
        "narHash": "sha256-mSEia1FzrsHbfqjorMyYiX8NXdDVeR1Pw1k55jMJlJY=",
        "owner": "NixOS",
        "repo": "nixpkgs",
        "rev": "33e0d99cbedf2acfd7340d2150837fbb28039a64",
        "type": "github"
      },
      "original": {
        "owner": "NixOS",
        "ref": "nixos-unstable",
        "repo": "nixpkgs",
        "type": "github"
      }
    },
    "nixpkgs_3": {
      "locked": {
        "lastModified": 1665296151,
        "narHash": "sha256-uOB0oxqxN9K7XGF1hcnY+PQnlQJ+3bP2vCn/+Ru/bbc=",
        "owner": "NixOS",
        "repo": "nixpkgs",
        "rev": "14ccaaedd95a488dd7ae142757884d8e125b3363",
        "type": "github"
      },
      "original": {
        "owner": "NixOS",
        "ref": "nixpkgs-unstable",
        "repo": "nixpkgs",
        "type": "github"
      }
    },
    "nixpkgs_4": {
      "locked": {
        "lastModified": 1693145325,
        "narHash": "sha256-Gat9xskErH1zOcLjYMhSDBo0JTBZKfGS0xJlIRnj6Rc=",
        "owner": "NixOS",
        "repo": "nixpkgs",
        "rev": "cddebdb60de376c1bdb7a4e6ee3d98355453fe56",
        "type": "github"
      },
      "original": {
        "id": "nixpkgs",
        "type": "indirect"
      }
    },
    "root": {
      "inputs": {
        "container": "container",
        "dev": "dev",
        "flake-utils": "flake-utils_4",
        "nixpkgs": "nixpkgs_4"
      }
    },
    "rust-overlay": {
      "inputs": {
        "flake-utils": "flake-utils_3",
        "nixpkgs": "nixpkgs_3"
      },
      "locked": {
        "lastModified": 1670898768,
        "narHash": "sha256-+C6xkh176VOSUKeUwT6CkJE7i7smKUMeXpT8P4iicCI=",
        "owner": "oxalica",
        "repo": "rust-overlay",
        "rev": "f0bcb23e31033ab31639e6a1d85c44ce6ccaa335",
        "type": "github"
      },
      "original": {
        "owner": "oxalica",
        "repo": "rust-overlay",
        "type": "github"
      }
    },
    "systems": {
      "locked": {
        "lastModified": 1681028828,
        "narHash": "sha256-Vy1rq5AaRuLzOxct8nz4T6wlgyUR7zLU309k9mBC768=",
        "owner": "nix-systems",
        "repo": "default",
        "rev": "da67096a3b9bf56a91d16901293e51ba5b49a27e",
        "type": "github"
      },
      "original": {
        "owner": "nix-systems",
        "repo": "default",
        "type": "github"
      }
    }
  },
  "root": "root",
  "version": 7
}
